
Microsoft Visual Studio Solution File, Format Version 12.00
# Visual Studio Version 16
VisualStudioVersion = 16.0.32106.194
MinimumVisualStudioVersion = 10.0.40219.1
Project("{FAE04EC0-301F-11D3-BF4B-00C04F79EFBC}") = "Server", "Server.csproj", "{A10CF0F7-0F3F-414A-B06A-CE4E9BC54EDC}"
EndProject
Global
	GlobalSection(SolutionConfigurationPlatforms) = preSolution
		Debug|Any CPU = Debug|Any CPU
		Release|Any CPU = Release|Any CPU
	EndGlobalSection
	GlobalSection(ProjectConfigurationPlatforms) = postSolution
		{A10CF0F7-0F3F-414A-B06A-CE4E9BC54EDC}.Debug|Any CPU.ActiveCfg = Debug|Any CPU
		{A10CF0F7-0F3F-414A-B06A-CE4E9BC54EDC}.Debug|Any CPU.Build.0 = Debug|Any CPU
		{A10CF0F7-0F3F-414A-B06A-CE4E9BC54EDC}.Release|Any CPU.ActiveCfg = Release|Any CPU
		{A10CF0F7-0F3F-414A-B06A-CE4E9BC54EDC}.Release|Any CPU.Build.0 = Release|Any CPU
	EndGlobalSection
	GlobalSection(SolutionProperties) = preSolution
		HideSolutionNode = FALSE
	EndGlobalSection
	GlobalSection(ExtensibilityGlobals) = postSolution
		SolutionGuid = {27E4C0EF-16F8-4178-8FC4-2A46F27115A8}
	EndGlobalSection
EndGlobal
